// !$*UTF8*$!
{
	archiveVersion = 1;
	classes = {
	};
	objectVersion = 77;
	objects = {

/* Begin PBXBuildFile section */
		026E94472CEA61DF00C90DE0 /* ATProtoKit in Frameworks */ = {isa = PBXBuildFile; productRef = 026E94462CEA61DF00C90DE0 /* ATProtoKit */; };
/* End PBXBuildFile section */

/* Begin PBXContainerItemProxy section */
		026E94222CEA2BFC00C90DE0 /* PBXContainerItemProxy */ = {
			isa = PBXContainerItemProxy;
			containerPortal = 026E94092CEA2BFA00C90DE0 /* Project object */;
			proxyType = 1;
			remoteGlobalIDString = 026E94102CEA2BFA00C90DE0;
			remoteInfo = horizon;
		};
		026E942C2CEA2BFC00C90DE0 /* PBXContainerItemProxy */ = {
			isa = PBXContainerItemProxy;
			containerPortal = 026E94092CEA2BFA00C90DE0 /* Project object */;
			proxyType = 1;
			remoteGlobalIDString = 026E94102CEA2BFA00C90DE0;
			remoteInfo = horizon;
		};
/* End PBXContainerItemProxy section */

/* Begin PBXFileReference section */
		026E94112CEA2BFA00C90DE0 /* Horizon.app */ = {isa = PBXFileReference; explicitFileType = wrapper.application; includeInIndex = 0; path = Horizon.app; sourceTree = BUILT_PRODUCTS_DIR; };
		026E94212CEA2BFC00C90DE0 /* HorizonTests.xctest */ = {isa = PBXFileReference; explicitFileType = wrapper.cfbundle; includeInIndex = 0; path = HorizonTests.xctest; sourceTree = BUILT_PRODUCTS_DIR; };
		026E942B2CEA2BFC00C90DE0 /* HorizonUITests.xctest */ = {isa = PBXFileReference; explicitFileType = wrapper.cfbundle; includeInIndex = 0; path = HorizonUITests.xctest; sourceTree = BUILT_PRODUCTS_DIR; };
/* End PBXFileReference section */

/* Begin PBXFileSystemSynchronizedRootGroup section */
		026E94132CEA2BFA00C90DE0 /* Horizon */ = {
			isa = PBXFileSystemSynchronizedRootGroup;
			path = Horizon;
			sourceTree = "<group>";
		};
		026E94242CEA2BFC00C90DE0 /* HorizonTests */ = {
			isa = PBXFileSystemSynchronizedRootGroup;
			path = HorizonTests;
			sourceTree = "<group>";
		};
		026E942E2CEA2BFC00C90DE0 /* HorizonUITests */ = {
			isa = PBXFileSystemSynchronizedRootGroup;
			path = HorizonUITests;
			sourceTree = "<group>";
		};
/* End PBXFileSystemSynchronizedRootGroup section */

/* Begin PBXFrameworksBuildPhase section */
		026E940E2CEA2BFA00C90DE0 /* Frameworks */ = {
			isa = PBXFrameworksBuildPhase;
			buildActionMask = 2147483647;
			files = (
				026E94472CEA61DF00C90DE0 /* ATProtoKit in Frameworks */,
			);
			runOnlyForDeploymentPostprocessing = 0;
		};
		026E941E2CEA2BFC00C90DE0 /* Frameworks */ = {
			isa = PBXFrameworksBuildPhase;
			buildActionMask = 2147483647;
			files = (
			);
			runOnlyForDeploymentPostprocessing = 0;
		};
		026E94282CEA2BFC00C90DE0 /* Frameworks */ = {
			isa = PBXFrameworksBuildPhase;
			buildActionMask = 2147483647;
			files = (
			);
			runOnlyForDeploymentPostprocessing = 0;
		};
/* End PBXFrameworksBuildPhase section */

/* Begin PBXGroup section */
		026E94082CEA2BFA00C90DE0 = {
			isa = PBXGroup;
			children = (
				026E94132CEA2BFA00C90DE0 /* Horizon */,
				026E94242CEA2BFC00C90DE0 /* HorizonTests */,
				026E942E2CEA2BFC00C90DE0 /* HorizonUITests */,
				026E94452CEA61DF00C90DE0 /* Frameworks */,
				026E94122CEA2BFA00C90DE0 /* Products */,
			);
			sourceTree = "<group>";
		};
		026E94122CEA2BFA00C90DE0 /* Products */ = {
			isa = PBXGroup;
			children = (
				026E94112CEA2BFA00C90DE0 /* Horizon.app */,
				026E94212CEA2BFC00C90DE0 /* HorizonTests.xctest */,
				026E942B2CEA2BFC00C90DE0 /* HorizonUITests.xctest */,
			);
			name = Products;
			sourceTree = "<group>";
		};
		026E94452CEA61DF00C90DE0 /* Frameworks */ = {
			isa = PBXGroup;
			children = (
			);
			name = Frameworks;
			sourceTree = "<group>";
		};
/* End PBXGroup section */

/* Begin PBXNativeTarget section */
		026E94102CEA2BFA00C90DE0 /* Horizon */ = {
			isa = PBXNativeTarget;
			buildConfigurationList = 026E94352CEA2BFC00C90DE0 /* Build configuration list for PBXNativeTarget "Horizon" */;
			buildPhases = (
				026E940D2CEA2BFA00C90DE0 /* Sources */,
				026E940E2CEA2BFA00C90DE0 /* Frameworks */,
				026E940F2CEA2BFA00C90DE0 /* Resources */,
			);
			buildRules = (
			);
			dependencies = (
			);
			fileSystemSynchronizedGroups = (
				026E94132CEA2BFA00C90DE0 /* Horizon */,
			);
			name = Horizon;
			packageProductDependencies = (
				026E94462CEA61DF00C90DE0 /* ATProtoKit */,
			);
			productName = horizon;
			productReference = 026E94112CEA2BFA00C90DE0 /* Horizon.app */;
			productType = "com.apple.product-type.application";
		};
		026E94202CEA2BFC00C90DE0 /* HorizonTests */ = {
			isa = PBXNativeTarget;
			buildConfigurationList = 026E94382CEA2BFC00C90DE0 /* Build configuration list for PBXNativeTarget "HorizonTests" */;
			buildPhases = (
				026E941D2CEA2BFC00C90DE0 /* Sources */,
				026E941E2CEA2BFC00C90DE0 /* Frameworks */,
				026E941F2CEA2BFC00C90DE0 /* Resources */,
			);
			buildRules = (
			);
			dependencies = (
				026E94232CEA2BFC00C90DE0 /* PBXTargetDependency */,
			);
			fileSystemSynchronizedGroups = (
				026E94242CEA2BFC00C90DE0 /* HorizonTests */,
			);
			name = HorizonTests;
			packageProductDependencies = (
			);
			productName = horizonTests;
			productReference = 026E94212CEA2BFC00C90DE0 /* HorizonTests.xctest */;
			productType = "com.apple.product-type.bundle.unit-test";
		};
		026E942A2CEA2BFC00C90DE0 /* HorizonUITests */ = {
			isa = PBXNativeTarget;
			buildConfigurationList = 026E943B2CEA2BFC00C90DE0 /* Build configuration list for PBXNativeTarget "HorizonUITests" */;
			buildPhases = (
				026E94272CEA2BFC00C90DE0 /* Sources */,
				026E94282CEA2BFC00C90DE0 /* Frameworks */,
				026E94292CEA2BFC00C90DE0 /* Resources */,
			);
			buildRules = (
			);
			dependencies = (
				026E942D2CEA2BFC00C90DE0 /* PBXTargetDependency */,
			);
			fileSystemSynchronizedGroups = (
				026E942E2CEA2BFC00C90DE0 /* HorizonUITests */,
			);
			name = HorizonUITests;
			packageProductDependencies = (
			);
			productName = horizonUITests;
			productReference = 026E942B2CEA2BFC00C90DE0 /* HorizonUITests.xctest */;
			productType = "com.apple.product-type.bundle.ui-testing";
		};
/* End PBXNativeTarget section */

/* Begin PBXProject section */
		026E94092CEA2BFA00C90DE0 /* Project object */ = {
			isa = PBXProject;
			attributes = {
				BuildIndependentTargetsInParallel = 1;
				LastSwiftUpdateCheck = 1610;
				LastUpgradeCheck = 1610;
				TargetAttributes = {
					026E94102CEA2BFA00C90DE0 = {
						CreatedOnToolsVersion = 16.1;
					};
					026E94202CEA2BFC00C90DE0 = {
						CreatedOnToolsVersion = 16.1;
						TestTargetID = 026E94102CEA2BFA00C90DE0;
					};
					026E942A2CEA2BFC00C90DE0 = {
						CreatedOnToolsVersion = 16.1;
						TestTargetID = 026E94102CEA2BFA00C90DE0;
					};
				};
			};
			buildConfigurationList = 026E940C2CEA2BFA00C90DE0 /* Build configuration list for PBXProject "Horizon" */;
			developmentRegion = en;
			hasScannedForEncodings = 0;
			knownRegions = (
				en,
				Base,
			);
			mainGroup = 026E94082CEA2BFA00C90DE0;
			minimizedProjectReferenceProxies = 1;
			packageReferences = (
				026E94412CEA3BC500C90DE0 /* XCRemoteSwiftPackageReference "ATProtoKit" */,
			);
			preferredProjectObjectVersion = 77;
			productRefGroup = 026E94122CEA2BFA00C90DE0 /* Products */;
			projectDirPath = "";
			projectRoot = "";
			targets = (
				026E94102CEA2BFA00C90DE0 /* Horizon */,
				026E94202CEA2BFC00C90DE0 /* HorizonTests */,
				026E942A2CEA2BFC00C90DE0 /* HorizonUITests */,
			);
		};
/* End PBXProject section */

/* Begin PBXResourcesBuildPhase section */
		026E940F2CEA2BFA00C90DE0 /* Resources */ = {
			isa = PBXResourcesBuildPhase;
			buildActionMask = 2147483647;
			files = (
			);
			runOnlyForDeploymentPostprocessing = 0;
		};
		026E941F2CEA2BFC00C90DE0 /* Resources */ = {
			isa = PBXResourcesBuildPhase;
			buildActionMask = 2147483647;
			files = (
			);
			runOnlyForDeploymentPostprocessing = 0;
		};
		026E94292CEA2BFC00C90DE0 /* Resources */ = {
			isa = PBXResourcesBuildPhase;
			buildActionMask = 2147483647;
			files = (
			);
			runOnlyForDeploymentPostprocessing = 0;
		};
/* End PBXResourcesBuildPhase section */

/* Begin PBXSourcesBuildPhase section */
		026E940D2CEA2BFA00C90DE0 /* Sources */ = {
			isa = PBXSourcesBuildPhase;
			buildActionMask = 2147483647;
			files = (
			);
			runOnlyForDeploymentPostprocessing = 0;
		};
		026E941D2CEA2BFC00C90DE0 /* Sources */ = {
			isa = PBXSourcesBuildPhase;
			buildActionMask = 2147483647;
			files = (
			);
			runOnlyForDeploymentPostprocessing = 0;
		};
		026E94272CEA2BFC00C90DE0 /* Sources */ = {
			isa = PBXSourcesBuildPhase;
			buildActionMask = 2147483647;
			files = (
			);
			runOnlyForDeploymentPostprocessing = 0;
		};
/* End PBXSourcesBuildPhase section */

/* Begin PBXTargetDependency section */
		026E94232CEA2BFC00C90DE0 /* PBXTargetDependency */ = {
			isa = PBXTargetDependency;
			target = 026E94102CEA2BFA00C90DE0 /* Horizon */;
			targetProxy = 026E94222CEA2BFC00C90DE0 /* PBXContainerItemProxy */;
		};
		026E942D2CEA2BFC00C90DE0 /* PBXTargetDependency */ = {
			isa = PBXTargetDependency;
			target = 026E94102CEA2BFA00C90DE0 /* Horizon */;
			targetProxy = 026E942C2CEA2BFC00C90DE0 /* PBXContainerItemProxy */;
		};
/* End PBXTargetDependency section */

/* Begin XCBuildConfiguration section */
		026E94332CEA2BFC00C90DE0 /* Debug */ = {
			isa = XCBuildConfiguration;
			buildSettings = {
				ALWAYS_SEARCH_USER_PATHS = NO;
				ASSETCATALOG_COMPILER_GENERATE_SWIFT_ASSET_SYMBOL_EXTENSIONS = YES;
				CLANG_ANALYZER_NONNULL = YES;
				CLANG_ANALYZER_NUMBER_OBJECT_CONVERSION = YES_AGGRESSIVE;
				CLANG_CXX_LANGUAGE_STANDARD = "gnu++20";
				CLANG_ENABLE_MODULES = YES;
				CLANG_ENABLE_OBJC_ARC = YES;
				CLANG_ENABLE_OBJC_WEAK = YES;
				CLANG_WARN_BLOCK_CAPTURE_AUTORELEASING = YES;
				CLANG_WARN_BOOL_CONVERSION = YES;
				CLANG_WARN_COMMA = YES;
				CLANG_WARN_CONSTANT_CONVERSION = YES;
				CLANG_WARN_DEPRECATED_OBJC_IMPLEMENTATIONS = YES;
				CLANG_WARN_DIRECT_OBJC_ISA_USAGE = YES_ERROR;
				CLANG_WARN_DOCUMENTATION_COMMENTS = YES;
				CLANG_WARN_EMPTY_BODY = YES;
				CLANG_WARN_ENUM_CONVERSION = YES;
				CLANG_WARN_INFINITE_RECURSION = YES;
				CLANG_WARN_INT_CONVERSION = YES;
				CLANG_WARN_NON_LITERAL_NULL_CONVERSION = YES;
				CLANG_WARN_OBJC_IMPLICIT_RETAIN_SELF = YES;
				CLANG_WARN_OBJC_LITERAL_CONVERSION = YES;
				CLANG_WARN_OBJC_ROOT_CLASS = YES_ERROR;
				CLANG_WARN_QUOTED_INCLUDE_IN_FRAMEWORK_HEADER = YES;
				CLANG_WARN_RANGE_LOOP_ANALYSIS = YES;
				CLANG_WARN_STRICT_PROTOTYPES = YES;
				CLANG_WARN_SUSPICIOUS_MOVE = YES;
				CLANG_WARN_UNGUARDED_AVAILABILITY = YES_AGGRESSIVE;
				CLANG_WARN_UNREACHABLE_CODE = YES;
				CLANG_WARN__DUPLICATE_METHOD_MATCH = YES;
				COPY_PHASE_STRIP = NO;
				DEBUG_INFORMATION_FORMAT = dwarf;
				ENABLE_STRICT_OBJC_MSGSEND = YES;
				ENABLE_TESTABILITY = YES;
				ENABLE_USER_SCRIPT_SANDBOXING = YES;
				GCC_C_LANGUAGE_STANDARD = gnu17;
				GCC_DYNAMIC_NO_PIC = NO;
				GCC_NO_COMMON_BLOCKS = YES;
				GCC_OPTIMIZATION_LEVEL = 0;
				GCC_PREPROCESSOR_DEFINITIONS = (
					"DEBUG=1",
					"$(inherited)",
				);
				GCC_WARN_64_TO_32_BIT_CONVERSION = YES;
				GCC_WARN_ABOUT_RETURN_TYPE = YES_ERROR;
				GCC_WARN_UNDECLARED_SELECTOR = YES;
				GCC_WARN_UNINITIALIZED_AUTOS = YES_AGGRESSIVE;
				GCC_WARN_UNUSED_FUNCTION = YES;
				GCC_WARN_UNUSED_VARIABLE = YES;
				IPHONEOS_DEPLOYMENT_TARGET = 18.1;
				LOCALIZATION_PREFERS_STRING_CATALOGS = YES;
				MTL_ENABLE_DEBUG_INFO = INCLUDE_SOURCE;
				MTL_FAST_MATH = YES;
				ONLY_ACTIVE_ARCH = YES;
				SDKROOT = iphoneos;
				SWIFT_ACTIVE_COMPILATION_CONDITIONS = "DEBUG $(inherited)";
				SWIFT_OPTIMIZATION_LEVEL = "-Onone";
			};
			name = Debug;
		};
		026E94342CEA2BFC00C90DE0 /* Release */ = {
			isa = XCBuildConfiguration;
			buildSettings = {
				ALWAYS_SEARCH_USER_PATHS = NO;
				ASSETCATALOG_COMPILER_GENERATE_SWIFT_ASSET_SYMBOL_EXTENSIONS = YES;
				CLANG_ANALYZER_NONNULL = YES;
				CLANG_ANALYZER_NUMBER_OBJECT_CONVERSION = YES_AGGRESSIVE;
				CLANG_CXX_LANGUAGE_STANDARD = "gnu++20";
				CLANG_ENABLE_MODULES = YES;
				CLANG_ENABLE_OBJC_ARC = YES;
				CLANG_ENABLE_OBJC_WEAK = YES;
				CLANG_WARN_BLOCK_CAPTURE_AUTORELEASING = YES;
				CLANG_WARN_BOOL_CONVERSION = YES;
				CLANG_WARN_COMMA = YES;
				CLANG_WARN_CONSTANT_CONVERSION = YES;
				CLANG_WARN_DEPRECATED_OBJC_IMPLEMENTATIONS = YES;
				CLANG_WARN_DIRECT_OBJC_ISA_USAGE = YES_ERROR;
				CLANG_WARN_DOCUMENTATION_COMMENTS = YES;
				CLANG_WARN_EMPTY_BODY = YES;
				CLANG_WARN_ENUM_CONVERSION = YES;
				CLANG_WARN_INFINITE_RECURSION = YES;
				CLANG_WARN_INT_CONVERSION = YES;
				CLANG_WARN_NON_LITERAL_NULL_CONVERSION = YES;
				CLANG_WARN_OBJC_IMPLICIT_RETAIN_SELF = YES;
				CLANG_WARN_OBJC_LITERAL_CONVERSION = YES;
				CLANG_WARN_OBJC_ROOT_CLASS = YES_ERROR;
				CLANG_WARN_QUOTED_INCLUDE_IN_FRAMEWORK_HEADER = YES;
				CLANG_WARN_RANGE_LOOP_ANALYSIS = YES;
				CLANG_WARN_STRICT_PROTOTYPES = YES;
				CLANG_WARN_SUSPICIOUS_MOVE = YES;
				CLANG_WARN_UNGUARDED_AVAILABILITY = YES_AGGRESSIVE;
				CLANG_WARN_UNREACHABLE_CODE = YES;
				CLANG_WARN__DUPLICATE_METHOD_MATCH = YES;
				COPY_PHASE_STRIP = NO;
				DEBUG_INFORMATION_FORMAT = "dwarf-with-dsym";
				ENABLE_NS_ASSERTIONS = NO;
				ENABLE_STRICT_OBJC_MSGSEND = YES;
				ENABLE_USER_SCRIPT_SANDBOXING = YES;
				GCC_C_LANGUAGE_STANDARD = gnu17;
				GCC_NO_COMMON_BLOCKS = YES;
				GCC_WARN_64_TO_32_BIT_CONVERSION = YES;
				GCC_WARN_ABOUT_RETURN_TYPE = YES_ERROR;
				GCC_WARN_UNDECLARED_SELECTOR = YES;
				GCC_WARN_UNINITIALIZED_AUTOS = YES_AGGRESSIVE;
				GCC_WARN_UNUSED_FUNCTION = YES;
				GCC_WARN_UNUSED_VARIABLE = YES;
				IPHONEOS_DEPLOYMENT_TARGET = 18.1;
				LOCALIZATION_PREFERS_STRING_CATALOGS = YES;
				MTL_ENABLE_DEBUG_INFO = NO;
				MTL_FAST_MATH = YES;
				SDKROOT = iphoneos;
				SWIFT_COMPILATION_MODE = wholemodule;
				VALIDATE_PRODUCT = YES;
			};
			name = Release;
		};
		026E94362CEA2BFC00C90DE0 /* Debug */ = {
			isa = XCBuildConfiguration;
			buildSettings = {
				ASSETCATALOG_COMPILER_APPICON_NAME = AppIcon;
				ASSETCATALOG_COMPILER_GLOBAL_ACCENT_COLOR_NAME = AccentColor;
				CODE_SIGN_STYLE = Automatic;
				CURRENT_PROJECT_VERSION = 1;
				DEVELOPMENT_ASSET_PATHS = "\"horizon/Preview Content\"";
				ENABLE_PREVIEWS = YES;
				GENERATE_INFOPLIST_FILE = YES;
				INFOPLIST_KEY_CFBundleDisplayName = Horizon;
				INFOPLIST_KEY_UIApplicationSceneManifest_Generation = YES;
				INFOPLIST_KEY_UIApplicationSupportsIndirectInputEvents = YES;
				INFOPLIST_KEY_UILaunchScreen_Generation = YES;
				INFOPLIST_KEY_UISupportedInterfaceOrientations_iPad = "UIInterfaceOrientationPortrait UIInterfaceOrientationPortraitUpsideDown UIInterfaceOrientationLandscapeLeft UIInterfaceOrientationLandscapeRight";
				INFOPLIST_KEY_UISupportedInterfaceOrientations_iPhone = "UIInterfaceOrientationPortrait UIInterfaceOrientationLandscapeLeft UIInterfaceOrientationLandscapeRight";
				LD_RUNPATH_SEARCH_PATHS = (
					"$(inherited)",
					"@executable_path/Frameworks",
				);
				MARKETING_VERSION = 1.0;
				PRODUCT_BUNDLE_IDENTIFIER = Sharma.horizon;
				PRODUCT_NAME = "$(TARGET_NAME)";
				SWIFT_EMIT_LOC_STRINGS = YES;
				SWIFT_VERSION = 5.0;
				TARGETED_DEVICE_FAMILY = "1,2";
			};
			name = Debug;
		};
		026E94372CEA2BFC00C90DE0 /* Release */ = {
			isa = XCBuildConfiguration;
			buildSettings = {
				ASSETCATALOG_COMPILER_APPICON_NAME = AppIcon;
				ASSETCATALOG_COMPILER_GLOBAL_ACCENT_COLOR_NAME = AccentColor;
				CODE_SIGN_STYLE = Automatic;
				CURRENT_PROJECT_VERSION = 1;
				DEVELOPMENT_ASSET_PATHS = "\"horizon/Preview Content\"";
				ENABLE_PREVIEWS = YES;
				GENERATE_INFOPLIST_FILE = YES;
				INFOPLIST_KEY_CFBundleDisplayName = Horizon;
				INFOPLIST_KEY_UIApplicationSceneManifest_Generation = YES;
				INFOPLIST_KEY_UIApplicationSupportsIndirectInputEvents = YES;
				INFOPLIST_KEY_UILaunchScreen_Generation = YES;
				INFOPLIST_KEY_UISupportedInterfaceOrientations_iPad = "UIInterfaceOrientationPortrait UIInterfaceOrientationPortraitUpsideDown UIInterfaceOrientationLandscapeLeft UIInterfaceOrientationLandscapeRight";
				INFOPLIST_KEY_UISupportedInterfaceOrientations_iPhone = "UIInterfaceOrientationPortrait UIInterfaceOrientationLandscapeLeft UIInterfaceOrientationLandscapeRight";
				LD_RUNPATH_SEARCH_PATHS = (
					"$(inherited)",
					"@executable_path/Frameworks",
				);
				MARKETING_VERSION = 1.0;
				PRODUCT_BUNDLE_IDENTIFIER = Sharma.horizon;
				PRODUCT_NAME = "$(TARGET_NAME)";
				SWIFT_EMIT_LOC_STRINGS = YES;
				SWIFT_VERSION = 5.0;
				TARGETED_DEVICE_FAMILY = "1,2";
			};
			name = Release;
		};
		026E94392CEA2BFC00C90DE0 /* Debug */ = {
			isa = XCBuildConfiguration;
			buildSettings = {
				BUNDLE_LOADER = "$(TEST_HOST)";
				CODE_SIGN_STYLE = Automatic;
				CURRENT_PROJECT_VERSION = 1;
				GENERATE_INFOPLIST_FILE = YES;
				IPHONEOS_DEPLOYMENT_TARGET = 18.1;
				MARKETING_VERSION = 1.0;
				PRODUCT_BUNDLE_IDENTIFIER = Sharma.horizonTests;
				PRODUCT_NAME = "$(TARGET_NAME)";
				SWIFT_EMIT_LOC_STRINGS = NO;
				SWIFT_VERSION = 5.0;
				TARGETED_DEVICE_FAMILY = "1,2";
				TEST_HOST = "$(BUILT_PRODUCTS_DIR)/Horizon.app/$(BUNDLE_EXECUTABLE_FOLDER_PATH)/Horizon";
			};
			name = Debug;
		};
		026E943A2CEA2BFC00C90DE0 /* Release */ = {
			isa = XCBuildConfiguration;
			buildSettings = {
				BUNDLE_LOADER = "$(TEST_HOST)";
				CODE_SIGN_STYLE = Automatic;
				CURRENT_PROJECT_VERSION = 1;
				GENERATE_INFOPLIST_FILE = YES;
				IPHONEOS_DEPLOYMENT_TARGET = 18.1;
				MARKETING_VERSION = 1.0;
				PRODUCT_BUNDLE_IDENTIFIER = Sharma.horizonTests;
				PRODUCT_NAME = "$(TARGET_NAME)";
				SWIFT_EMIT_LOC_STRINGS = NO;
				SWIFT_VERSION = 5.0;
				TARGETED_DEVICE_FAMILY = "1,2";
				TEST_HOST = "$(BUILT_PRODUCTS_DIR)/Horizon.app/$(BUNDLE_EXECUTABLE_FOLDER_PATH)/Horizon";
			};
			name = Release;
		};
		026E943C2CEA2BFC00C90DE0 /* Debug */ = {
			isa = XCBuildConfiguration;
			buildSettings = {
				CODE_SIGN_STYLE = Automatic;
				CURRENT_PROJECT_VERSION = 1;
				GENERATE_INFOPLIST_FILE = YES;
				MARKETING_VERSION = 1.0;
				PRODUCT_BUNDLE_IDENTIFIER = Sharma.horizonUITests;
				PRODUCT_NAME = "$(TARGET_NAME)";
				SWIFT_EMIT_LOC_STRINGS = NO;
				SWIFT_VERSION = 5.0;
				TARGETED_DEVICE_FAMILY = "1,2";
				TEST_TARGET_NAME = horizon;
			};
			name = Debug;
		};
		026E943D2CEA2BFC00C90DE0 /* Release */ = {
			isa = XCBuildConfiguration;
			buildSettings = {
				CODE_SIGN_STYLE = Automatic;
				CURRENT_PROJECT_VERSION = 1;
				GENERATE_INFOPLIST_FILE = YES;
				MARKETING_VERSION = 1.0;
				PRODUCT_BUNDLE_IDENTIFIER = Sharma.horizonUITests;
				PRODUCT_NAME = "$(TARGET_NAME)";
				SWIFT_EMIT_LOC_STRINGS = NO;
				SWIFT_VERSION = 5.0;
				TARGETED_DEVICE_FAMILY = "1,2";
				TEST_TARGET_NAME = horizon;
			};
			name = Release;
		};
/* End XCBuildConfiguration section */

/* Begin XCConfigurationList section */
		026E940C2CEA2BFA00C90DE0 /* Build configuration list for PBXProject "Horizon" */ = {
			isa = XCConfigurationList;
			buildConfigurations = (
				026E94332CEA2BFC00C90DE0 /* Debug */,
				026E94342CEA2BFC00C90DE0 /* Release */,
			);
			defaultConfigurationIsVisible = 0;
			defaultConfigurationName = Release;
		};
		026E94352CEA2BFC00C90DE0 /* Build configuration list for PBXNativeTarget "Horizon" */ = {
			isa = XCConfigurationList;
			buildConfigurations = (
				026E94362CEA2BFC00C90DE0 /* Debug */,
				026E94372CEA2BFC00C90DE0 /* Release */,
			);
			defaultConfigurationIsVisible = 0;
			defaultConfigurationName = Release;
		};
		026E94382CEA2BFC00C90DE0 /* Build configuration list for PBXNativeTarget "HorizonTests" */ = {
			isa = XCConfigurationList;
			buildConfigurations = (
				026E94392CEA2BFC00C90DE0 /* Debug */,
				026E943A2CEA2BFC00C90DE0 /* Release */,
			);
			defaultConfigurationIsVisible = 0;
			defaultConfigurationName = Release;
		};
		026E943B2CEA2BFC00C90DE0 /* Build configuration list for PBXNativeTarget "HorizonUITests" */ = {
			isa = XCConfigurationList;
			buildConfigurations = (
				026E943C2CEA2BFC00C90DE0 /* Debug */,
				026E943D2CEA2BFC00C90DE0 /* Release */,
			);
			defaultConfigurationIsVisible = 0;
			defaultConfigurationName = Release;
		};
/* End XCConfigurationList section */

/* Begin XCRemoteSwiftPackageReference section */
		026E94412CEA3BC500C90DE0 /* XCRemoteSwiftPackageReference "ATProtoKit" */ = {
			isa = XCRemoteSwiftPackageReference;
			repositoryURL = "https://github.com/MasterJ93/ATProtoKit.git";
			requirement = {
				kind = upToNextMajorVersion;
				minimumVersion = 0.19.2;
			};
		};
/* End XCRemoteSwiftPackageReference section */

/* Begin XCSwiftPackageProductDependency section */
		026E94462CEA61DF00C90DE0 /* ATProtoKit */ = {
			isa = XCSwiftPackageProductDependency;
			package = 026E94412CEA3BC500C90DE0 /* XCRemoteSwiftPackageReference "ATProtoKit" */;
			productName = ATProtoKit;
		};
/* End XCSwiftPackageProductDependency section */
	};
	rootObject = 026E94092CEA2BFA00C90DE0 /* Project object */;
}
